
Microsoft Visual Studio Solution File, Format Version 12.00
# Visual Studio Version 17
VisualStudioVersion = 17.2.32505.173
MinimumVisualStudioVersion = 10.0.40219.1
Project("{FAE04EC0-301F-11D3-BF4B-00C04F79EFBC}") = "SvgColorCleaner", "SvgColorCleaner\SvgColorCleaner.csproj", "{CA5F5AAF-2F46-469F-BE91-7EE122EDB403}"
EndProject
Global
	GlobalSection(SolutionConfigurationPlatforms) = preSolution
		Debug|Any CPU = Debug|Any CPU
		Release|Any CPU = Release|Any CPU
	EndGlobalSection
	GlobalSection(ProjectConfigurationPlatforms) = postSolution
		{CA5F5AAF-2F46-469F-BE91-7EE122EDB403}.Debug|Any CPU.ActiveCfg = Debug|Any CPU
		{CA5F5AAF-2F46-469F-BE91-7EE122EDB403}.Debug|Any CPU.Build.0 = Debug|Any CPU
		{CA5F5AAF-2F46-469F-BE91-7EE122EDB403}.Release|Any CPU.ActiveCfg = Release|Any CPU
		{CA5F5AAF-2F46-469F-BE91-7EE122EDB403}.Release|Any CPU.Build.0 = Release|Any CPU
	EndGlobalSection
	GlobalSection(SolutionProperties) = preSolution
		HideSolutionNode = FALSE
	EndGlobalSection
	GlobalSection(ExtensibilityGlobals) = postSolution
		SolutionGuid = {28F2B11A-6716-4F9B-90AB-C3BA6D633591}
	EndGlobalSection
EndGlobal
